
Microsoft Visual Studio Solution File, Format Version 12.00
# Visual Studio Version 17
VisualStudioVersion = 17.1.32407.343
MinimumVisualStudioVersion = 10.0.40219.1
Project("{FAE04EC0-301F-11D3-BF4B-00C04F79EFBC}") = "Data", "Data\Data.csproj", "{C7D98752-6360-4746-9950-FC58113909C6}"
EndProject
Project("{FAE04EC0-301F-11D3-BF4B-00C04F79EFBC}") = "Business", "Business\Business.csproj", "{327BA240-1062-4D6E-8C9F-CC21F63BC3BC}"
EndProject
Project("{FAE04EC0-301F-11D3-BF4B-00C04F79EFBC}") = "Entities", "Entities\Entities.csproj", "{4AB57AE3-E1CA-45EC-91E9-2A6464456BB4}"
EndProject
Project("{FAE04EC0-301F-11D3-BF4B-00C04F79EFBC}") = "Presentation", "Presentation\Presentation.csproj", "{7BFC412B-A1D9-4A96-9054-4034563EF728}"
EndProject
Global
	GlobalSection(SolutionConfigurationPlatforms) = preSolution
		Debug|Any CPU = Debug|Any CPU
		Release|Any CPU = Release|Any CPU
	EndGlobalSection
	GlobalSection(ProjectConfigurationPlatforms) = postSolution
		{C7D98752-6360-4746-9950-FC58113909C6}.Debug|Any CPU.ActiveCfg = Debug|Any CPU
		{C7D98752-6360-4746-9950-FC58113909C6}.Debug|Any CPU.Build.0 = Debug|Any CPU
		{C7D98752-6360-4746-9950-FC58113909C6}.Release|Any CPU.ActiveCfg = Release|Any CPU
		{C7D98752-6360-4746-9950-FC58113909C6}.Release|Any CPU.Build.0 = Release|Any CPU
		{327BA240-1062-4D6E-8C9F-CC21F63BC3BC}.Debug|Any CPU.ActiveCfg = Debug|Any CPU
		{327BA240-1062-4D6E-8C9F-CC21F63BC3BC}.Debug|Any CPU.Build.0 = Debug|Any CPU
		{327BA240-1062-4D6E-8C9F-CC21F63BC3BC}.Release|Any CPU.ActiveCfg = Release|Any CPU
		{327BA240-1062-4D6E-8C9F-CC21F63BC3BC}.Release|Any CPU.Build.0 = Release|Any CPU
		{4AB57AE3-E1CA-45EC-91E9-2A6464456BB4}.Debug|Any CPU.ActiveCfg = Debug|Any CPU
		{4AB57AE3-E1CA-45EC-91E9-2A6464456BB4}.Debug|Any CPU.Build.0 = Debug|Any CPU
		{4AB57AE3-E1CA-45EC-91E9-2A6464456BB4}.Release|Any CPU.ActiveCfg = Release|Any CPU
		{4AB57AE3-E1CA-45EC-91E9-2A6464456BB4}.Release|Any CPU.Build.0 = Release|Any CPU
		{7BFC412B-A1D9-4A96-9054-4034563EF728}.Debug|Any CPU.ActiveCfg = Debug|Any CPU
		{7BFC412B-A1D9-4A96-9054-4034563EF728}.Debug|Any CPU.Build.0 = Debug|Any CPU
		{7BFC412B-A1D9-4A96-9054-4034563EF728}.Release|Any CPU.ActiveCfg = Release|Any CPU
		{7BFC412B-A1D9-4A96-9054-4034563EF728}.Release|Any CPU.Build.0 = Release|Any CPU
	EndGlobalSection
	GlobalSection(SolutionProperties) = preSolution
		HideSolutionNode = FALSE
	EndGlobalSection
	GlobalSection(ExtensibilityGlobals) = postSolution
		SolutionGuid = {D67007E7-8824-402C-9D3A-F0C755F99B89}
	EndGlobalSection
EndGlobal
